PODS:
  - AELocalDataKit (0.0.1)
  - FBSnapshotTestCase (2.1.4):
    - FBSnapshotTestCase/SwiftSupport (= 2.1.4)
  - FBSnapshotTestCase/Core (2.1.4)
  - FBSnapshotTestCase/SwiftSupport (2.1.4):
    - FBSnapshotTestCase/Core

DEPENDENCIES:
  - AELocalDataKit (from `../`)
  - FBSnapshotTestCase

EXTERNAL SOURCES:
  AELocalDataKit:
    :path: "../"

SPEC CHECKSUMS:
  AELocalDataKit: 75a92671957ab9874f95527eb2cfd27a1c74e687
  FBSnapshotTestCase: 094f9f314decbabe373b87cc339bea235a63e07a

PODFILE CHECKSUM: 954322ecad70a2ac1f69c9833b7e948f618cee68

COCOAPODS: 1.2.1
